
Microsoft Visual Studio Solution File, Format Version 12.00
# Visual Studio Version 16
VisualStudioVersion = 16.0.31605.320
MinimumVisualStudioVersion = 10.0.40219.1
Project("{FAE04EC0-301F-11D3-BF4B-00C04F79EFBC}") = "Exercices_c", "Exercices_c\Exercices_c.csproj", "{C319FF3A-C474-4F9D-8562-074F882EC0AD}"
EndProject
Global
	GlobalSection(SolutionConfigurationPlatforms) = preSolution
		Debug|Any CPU = Debug|Any CPU
		Release|Any CPU = Release|Any CPU
	EndGlobalSection
	GlobalSection(ProjectConfigurationPlatforms) = postSolution
		{C319FF3A-C474-4F9D-8562-074F882EC0AD}.Debug|Any CPU.ActiveCfg = Debug|Any CPU
		{C319FF3A-C474-4F9D-8562-074F882EC0AD}.Debug|Any CPU.Build.0 = Debug|Any CPU
		{C319FF3A-C474-4F9D-8562-074F882EC0AD}.Release|Any CPU.ActiveCfg = Release|Any CPU
		{C319FF3A-C474-4F9D-8562-074F882EC0AD}.Release|Any CPU.Build.0 = Release|Any CPU
	EndGlobalSection
	GlobalSection(SolutionProperties) = preSolution
		HideSolutionNode = FALSE
	EndGlobalSection
	GlobalSection(ExtensibilityGlobals) = postSolution
		SolutionGuid = {A4A8B2D0-2474-4C37-A6A2-F9946B252EB2}
	EndGlobalSection
EndGlobal
